// !$*UTF8*$!
{
	archiveVersion = 1;
	classes = {
	};
	objectVersion = 46;
	objects = {

/* Begin PBXBuildFile section */
		180776011B4E97AE00EE2609 /* PlayGame.m in Sources */ = {isa = PBXBuildFile; fileRef = 180776001B4E97AE00EE2609 /* PlayGame.m */; };
		18B52D5D1B4BCBDA00AED7D0 /* main.m in Sources */ = {isa = PBXBuildFile; fileRef = 18B52D5C1B4BCBDA00AED7D0 /* main.m */; };
		18B52D601B4BCBDA00AED7D0 /* AppDelegate.m in Sources */ = {isa = PBXBuildFile; fileRef = 18B52D5F1B4BCBDA00AED7D0 /* AppDelegate.m */; };
		18B52D631B4BCBDA00AED7D0 /* ViewController.m in Sources */ = {isa = PBXBuildFile; fileRef = 18B52D621B4BCBDA00AED7D0 /* ViewController.m */; };
		18B52D661B4BCBDA00AED7D0 /* Main.storyboard in Resources */ = {isa = PBXBuildFile; fileRef = 18B52D641B4BCBDA00AED7D0 /* Main.storyboard */; };
		18B52D681B4BCBDA00AED7D0 /* Images.xcassets in Resources */ = {isa = PBXBuildFile; fileRef = 18B52D671B4BCBDA00AED7D0 /* Images.xcassets */; };
		18B52D6B1B4BCBDA00AED7D0 /* LaunchScreen.xib in Resources */ = {isa = PBXBuildFile; fileRef = 18B52D691B4BCBDA00AED7D0 /* LaunchScreen.xib */; };
		18B52D771B4BCBDA00AED7D0 /* GameCardsTests.m in Sources */ = {isa = PBXBuildFile; fileRef = 18B52D761B4BCBDA00AED7D0 /* GameCardsTests.m */; };
		18B52D831B4BCC7600AED7D0 /* Card.m in Sources */ = {isa = PBXBuildFile; fileRef = 18B52D821B4BCC7600AED7D0 /* Card.m */; };
		18B52D861B4BD15F00AED7D0 /* PlayingCard.m in Sources */ = {isa = PBXBuildFile; fileRef = 18B52D851B4BD15F00AED7D0 /* PlayingCard.m */; };
		18B52D891B4BD24700AED7D0 /* PackCards.m in Sources */ = {isa = PBXBuildFile; fileRef = 18B52D881B4BD24700AED7D0 /* PackCards.m */; };
		18B52D8F1B4C007F00AED7D0 /* PlayCardPack.m in Sources */ = {isa = PBXBuildFile; fileRef = 18B52D8E1B4C007F00AED7D0 /* PlayCardPack.m */; };
		18FC8DF11B5E4F3700E8AA5A /* PlayingCardViewController.m in Sources */ = {isa = PBXBuildFile; fileRef = 18FC8DF01B5E4F3700E8AA5A /* PlayingCardViewController.m */; };
/* End PBXBuildFile section */

/* Begin PBXContainerItemProxy section */
		18B52D711B4BCBDA00AED7D0 /* PBXContainerItemProxy */ = {
			isa = PBXContainerItemProxy;
			containerPortal = 18B52D4F1B4BCBDA00AED7D0 /* Project object */;
			proxyType = 1;
			remoteGlobalIDString = 18B52D561B4BCBDA00AED7D0;
			remoteInfo = GameCards;
		};
/* End PBXContainerItemProxy section */

/* Begin PBXFileReference section */
		180775FF1B4E97AE00EE2609 /* PlayGame.h */ = {isa = PBXFileReference; fileEncoding = 4; lastKnownFileType = sourcecode.c.h; path = PlayGame.h; sourceTree = "<group>"; };
		180776001B4E97AE00EE2609 /* PlayGame.m */ = {isa = PBXFileReference; fileEncoding = 4; lastKnownFileType = sourcecode.c.objc; path = PlayGame.m; sourceTree = "<group>"; };
		18B52D571B4BCBDA00AED7D0 /* GameCards.app */ = {isa = PBXFileReference; explicitFileType = wrapper.application; includeInIndex = 0; path = GameCards.app; sourceTree = BUILT_PRODUCTS_DIR; };
		18B52D5B1B4BCBDA00AED7D0 /* Info.plist */ = {isa = PBXFileReference; lastKnownFileType = text.plist.xml; path = Info.plist; sourceTree = "<group>"; };
		18B52D5C1B4BCBDA00AED7D0 /* main.m */ = {isa = PBXFileReference; lastKnownFileType = sourcecode.c.objc; path = main.m; sourceTree = "<group>"; };
		18B52D5E1B4BCBDA00AED7D0 /* AppDelegate.h */ = {isa = PBXFileReference; lastKnownFileType = sourcecode.c.h; path = AppDelegate.h; sourceTree = "<group>"; };
		18B52D5F1B4BCBDA00AED7D0 /* AppDelegate.m */ = {isa = PBXFileReference; lastKnownFileType = sourcecode.c.objc; path = AppDelegate.m; sourceTree = "<group>"; };
		18B52D611B4BCBDA00AED7D0 /* ViewController.h */ = {isa = PBXFileReference; lastKnownFileType = sourcecode.c.h; path = ViewController.h; sourceTree = "<group>"; };
		18B52D621B4BCBDA00AED7D0 /* ViewController.m */ = {isa = PBXFileReference; lastKnownFileType = sourcecode.c.objc; path = ViewController.m; sourceTree = "<group>"; };
		18B52D651B4BCBDA00AED7D0 /* Base */ = {isa = PBXFileReference; lastKnownFileType = file.storyboard; name = Base; path = Base.lproj/Main.storyboard; sourceTree = "<group>"; };
		18B52D671B4BCBDA00AED7D0 /* Images.xcassets */ = {isa = PBXFileReference; lastKnownFileType = folder.assetcatalog; path = Images.xcassets; sourceTree = "<group>"; };
		18B52D6A1B4BCBDA00AED7D0 /* Base */ = {isa = PBXFileReference; lastKnownFileType = file.xib; name = Base; path = Base.lproj/LaunchScreen.xib; sourceTree = "<group>"; };
		18B52D701B4BCBDA00AED7D0 /* GameCardsTests.xctest */ = {isa = PBXFileReference; explicitFileType = wrapper.cfbundle; includeInIndex = 0; path = GameCardsTests.xctest; sourceTree = BUILT_PRODUCTS_DIR; };
		18B52D751B4BCBDA00AED7D0 /* Info.plist */ = {isa = PBXFileReference; lastKnownFileType = text.plist.xml; path = Info.plist; sourceTree = "<group>"; };
		18B52D761B4BCBDA00AED7D0 /* GameCardsTests.m */ = {isa = PBXFileReference; lastKnownFileType = sourcecode.c.objc; path = GameCardsTests.m; sourceTree = "<group>"; };
		18B52D811B4BCC7600AED7D0 /* Card.h */ = {isa = PBXFileReference; fileEncoding = 4; lastKnownFileType = sourcecode.c.h; path = Card.h; sourceTree = "<group>"; };
		18B52D821B4BCC7600AED7D0 /* Card.m */ = {isa = PBXFileReference; fileEncoding = 4; lastKnownFileType = sourcecode.c.objc; path = Card.m; sourceTree = "<group>"; };
		18B52D841B4BD15F00AED7D0 /* PlayingCard.h */ = {isa = PBXFileReference; fileEncoding = 4; lastKnownFileType = sourcecode.c.h; path = PlayingCard.h; sourceTree = "<group>"; };
		18B52D851B4BD15F00AED7D0 /* PlayingCard.m */ = {isa = PBXFileReference; fileEncoding = 4; lastKnownFileType = sourcecode.c.objc; path = PlayingCard.m; sourceTree = "<group>"; };
		18B52D871B4BD24700AED7D0 /* PackCards.h */ = {isa = PBXFileReference; fileEncoding = 4; lastKnownFileType = sourcecode.c.h; path = PackCards.h; sourceTree = "<group>"; };
		18B52D881B4BD24700AED7D0 /* PackCards.m */ = {isa = PBXFileReference; fileEncoding = 4; lastKnownFileType = sourcecode.c.objc; path = PackCards.m; sourceTree = "<group>"; };
		18B52D8D1B4C007F00AED7D0 /* PlayCardPack.h */ = {isa = PBXFileReference; fileEncoding = 4; lastKnownFileType = sourcecode.c.h; path = PlayCardPack.h; sourceTree = "<group>"; };
		18B52D8E1B4C007F00AED7D0 /* PlayCardPack.m */ = {isa = PBXFileReference; fileEncoding = 4; lastKnownFileType = sourcecode.c.objc; path = PlayCardPack.m; sourceTree = "<group>"; };
		18FC8DEF1B5E4F3700E8AA5A /* PlayingCardViewController.h */ = {isa = PBXFileReference; fileEncoding = 4; lastKnownFileType = sourcecode.c.h; path = PlayingCardViewController.h; sourceTree = "<group>"; };
		18FC8DF01B5E4F3700E8AA5A /* PlayingCardViewController.m */ = {isa = PBXFileReference; fileEncoding = 4; lastKnownFileType = sourcecode.c.objc; path = PlayingCardViewController.m; sourceTree = "<group>"; };
/* End PBXFileReference section */

/* Begin PBXFrameworksBuildPhase section */
		18B52D541B4BCBDA00AED7D0 /* Frameworks */ = {
			isa = PBXFrameworksBuildPhase;
			buildActionMask = 2147483647;
			files = (
			);
			runOnlyForDeploymentPostprocessing = 0;
		};
		18B52D6D1B4BCBDA00AED7D0 /* Frameworks */ = {
			isa = PBXFrameworksBuildPhase;
			buildActionMask = 2147483647;
			files = (
			);
			runOnlyForDeploymentPostprocessing = 0;
		};
/* End PBXFrameworksBuildPhase section */

/* Begin PBXGroup section */
		18B52D4E1B4BCBDA00AED7D0 = {
			isa = PBXGroup;
			children = (
				18B52D591B4BCBDA00AED7D0 /* GameCards */,
				18B52D731B4BCBDA00AED7D0 /* GameCardsTests */,
				18B52D581B4BCBDA00AED7D0 /* Products */,
			);
			sourceTree = "<group>";
		};
		18B52D581B4BCBDA00AED7D0 /* Products */ = {
			isa = PBXGroup;
			children = (
				18B52D571B4BCBDA00AED7D0 /* GameCards.app */,
				18B52D701B4BCBDA00AED7D0 /* GameCardsTests.xctest */,
			);
			name = Products;
			sourceTree = "<group>";
		};
		18B52D591B4BCBDA00AED7D0 /* GameCards */ = {
			isa = PBXGroup;
			children = (
				18B52D801B4BCC5700AED7D0 /* Model */,
				18B52D611B4BCBDA00AED7D0 /* ViewController.h */,
				18B52D621B4BCBDA00AED7D0 /* ViewController.m */,
				18FC8DEF1B5E4F3700E8AA5A /* PlayingCardViewController.h */,
				18FC8DF01B5E4F3700E8AA5A /* PlayingCardViewController.m */,
				18B52D641B4BCBDA00AED7D0 /* Main.storyboard */,
				18B52D671B4BCBDA00AED7D0 /* Images.xcassets */,
				18B52D691B4BCBDA00AED7D0 /* LaunchScreen.xib */,
				18B52D5A1B4BCBDA00AED7D0 /* Supporting Files */,
			);
			path = GameCards;
			sourceTree = "<group>";
		};
		18B52D5A1B4BCBDA00AED7D0 /* Supporting Files */ = {
			isa = PBXGroup;
			children = (
				18B52D5E1B4BCBDA00AED7D0 /* AppDelegate.h */,
				18B52D5F1B4BCBDA00AED7D0 /* AppDelegate.m */,
				18B52D5B1B4BCBDA00AED7D0 /* Info.plist */,
				18B52D5C1B4BCBDA00AED7D0 /* main.m */,
			);
			name = "Supporting Files";
			sourceTree = "<group>";
		};
		18B52D731B4BCBDA00AED7D0 /* GameCardsTests */ = {
			isa = PBXGroup;
			children = (
				18B52D761B4BCBDA00AED7D0 /* GameCardsTests.m */,
				18B52D741B4BCBDA00AED7D0 /* Supporting Files */,
			);
			path = GameCardsTests;
			sourceTree = "<group>";
		};
		18B52D741B4BCBDA00AED7D0 /* Supporting Files */ = {
			isa = PBXGroup;
			children = (
				18B52D751B4BCBDA00AED7D0 /* Info.plist */,
			);
			name = "Supporting Files";
			sourceTree = "<group>";
		};
		18B52D801B4BCC5700AED7D0 /* Model */ = {
			isa = PBXGroup;
			children = (
				18B52D811B4BCC7600AED7D0 /* Card.h */,
				18B52D821B4BCC7600AED7D0 /* Card.m */,
				18B52D841B4BD15F00AED7D0 /* PlayingCard.h */,
				18B52D851B4BD15F00AED7D0 /* PlayingCard.m */,
				18B52D871B4BD24700AED7D0 /* PackCards.h */,
				18B52D881B4BD24700AED7D0 /* PackCards.m */,
				18B52D8D1B4C007F00AED7D0 /* PlayCardPack.h */,
				18B52D8E1B4C007F00AED7D0 /* PlayCardPack.m */,
				180775FF1B4E97AE00EE2609 /* PlayGame.h */,
				180776001B4E97AE00EE2609 /* PlayGame.m */,
			);
			name = Model;
			sourceTree = "<group>";
		};
/* End PBXGroup section */

/* Begin PBXNativeTarget section */
		18B52D561B4BCBDA00AED7D0 /* GameCards */ = {
			isa = PBXNativeTarget;
			buildConfigurationList = 18B52D7A1B4BCBDA00AED7D0 /* Build configuration list for PBXNativeTarget "GameCards" */;
			buildPhases = (
				18B52D531B4BCBDA00AED7D0 /* Sources */,
				18B52D541B4BCBDA00AED7D0 /* Frameworks */,
				18B52D551B4BCBDA00AED7D0 /* Resources */,
			);
			buildRules = (
			);
			dependencies = (
			);
			name = GameCards;
			productName = GameCards;
			productReference = 18B52D571B4BCBDA00AED7D0 /* GameCards.app */;
			productType = "com.apple.product-type.application";
		};
		18B52D6F1B4BCBDA00AED7D0 /* GameCardsTests */ = {
			isa = PBXNativeTarget;
			buildConfigurationList = 18B52D7D1B4BCBDA00AED7D0 /* Build configuration list for PBXNativeTarget "GameCardsTests" */;
			buildPhases = (
				18B52D6C1B4BCBDA00AED7D0 /* Sources */,
				18B52D6D1B4BCBDA00AED7D0 /* Frameworks */,
				18B52D6E1B4BCBDA00AED7D0 /* Resources */,
			);
			buildRules = (
			);
			dependencies = (
				18B52D721B4BCBDA00AED7D0 /* PBXTargetDependency */,
			);
			name = GameCardsTests;
			productName = GameCardsTests;
			productReference = 18B52D701B4BCBDA00AED7D0 /* GameCardsTests.xctest */;
			productType = "com.apple.product-type.bundle.unit-test";
		};
/* End PBXNativeTarget section */

/* Begin PBXProject section */
		18B52D4F1B4BCBDA00AED7D0 /* Project object */ = {
			isa = PBXProject;
			attributes = {
				LastUpgradeCheck = 0640;
				ORGANIZATIONNAME = "Juliya Odincova";
				TargetAttributes = {
					18B52D561B4BCBDA00AED7D0 = {
						CreatedOnToolsVersion = 6.4;
					};
					18B52D6F1B4BCBDA00AED7D0 = {
						CreatedOnToolsVersion = 6.4;
						TestTargetID = 18B52D561B4BCBDA00AED7D0;
					};
				};
			};
			buildConfigurationList = 18B52D521B4BCBDA00AED7D0 /* Build configuration list for PBXProject "GameCards" */;
			compatibilityVersion = "Xcode 3.2";
			developmentRegion = English;
			hasScannedForEncodings = 0;
			knownRegions = (
				en,
				Base,
			);
			mainGroup = 18B52D4E1B4BCBDA00AED7D0;
			productRefGroup = 18B52D581B4BCBDA00AED7D0 /* Products */;
			projectDirPath = "";
			projectRoot = "";
			targets = (
				18B52D561B4BCBDA00AED7D0 /* GameCards */,
				18B52D6F1B4BCBDA00AED7D0 /* GameCardsTests */,
			);
		};
/* End PBXProject section */

/* Begin PBXResourcesBuildPhase section */
		18B52D551B4BCBDA00AED7D0 /* Resources */ = {
			isa = PBXResourcesBuildPhase;
			buildActionMask = 2147483647;
			files = (
				18B52D661B4BCBDA00AED7D0 /* Main.storyboard in Resources */,
				18B52D6B1B4BCBDA00AED7D0 /* LaunchScreen.xib in Resources */,
				18B52D681B4BCBDA00AED7D0 /* Images.xcassets in Resources */,
			);
			runOnlyForDeploymentPostprocessing = 0;
		};
		18B52D6E1B4BCBDA00AED7D0 /* Resources */ = {
			isa = PBXResourcesBuildPhase;
			buildActionMask = 2147483647;
			files = (
			);
			runOnlyForDeploymentPostprocessing = 0;
		};
/* End PBXResourcesBuildPhase section */

/* Begin PBXSourcesBuildPhase section */
		18B52D531B4BCBDA00AED7D0 /* Sources */ = {
			isa = PBXSourcesBuildPhase;
			buildActionMask = 2147483647;
			files = (
				18B52D8F1B4C007F00AED7D0 /* PlayCardPack.m in Sources */,
				18B52D631B4BCBDA00AED7D0 /* ViewController.m in Sources */,
				18FC8DF11B5E4F3700E8AA5A /* PlayingCardViewController.m in Sources */,
				18B52D601B4BCBDA00AED7D0 /* AppDelegate.m in Sources */,
				18B52D891B4BD24700AED7D0 /* PackCards.m in Sources */,
				18B52D5D1B4BCBDA00AED7D0 /* main.m in Sources */,
				180776011B4E97AE00EE2609 /* PlayGame.m in Sources */,
				18B52D861B4BD15F00AED7D0 /* PlayingCard.m in Sources */,
				18B52D831B4BCC7600AED7D0 /* Card.m in Sources */,
			);
			runOnlyForDeploymentPostprocessing = 0;
		};
		18B52D6C1B4BCBDA00AED7D0 /* Sources */ = {
			isa = PBXSourcesBuildPhase;
			buildActionMask = 2147483647;
			files = (
				18B52D771B4BCBDA00AED7D0 /* GameCardsTests.m in Sources */,
			);
			runOnlyForDeploymentPostprocessing = 0;
		};
/* End PBXSourcesBuildPhase section */

/* Begin PBXTargetDependency section */
		18B52D721B4BCBDA00AED7D0 /* PBXTargetDependency */ = {
			isa = PBXTargetDependency;
			target = 18B52D561B4BCBDA00AED7D0 /* GameCards */;
			targetProxy = 18B52D711B4BCBDA00AED7D0 /* PBXContainerItemProxy */;
		};
/* End PBXTargetDependency section */

/* Begin PBXVariantGroup section */
		18B52D641B4BCBDA00AED7D0 /* Main.storyboard */ = {
			isa = PBXVariantGroup;
			children = (
				18B52D651B4BCBDA00AED7D0 /* Base */,
			);
			name = Main.storyboard;
			sourceTree = "<group>";
		};
		18B52D691B4BCBDA00AED7D0 /* LaunchScreen.xib */ = {
			isa = PBXVariantGroup;
			children = (
				18B52D6A1B4BCBDA00AED7D0 /* Base */,
			);
			name = LaunchScreen.xib;
			sourceTree = "<group>";
		};
/* End PBXVariantGroup section */

/* Begin XCBuildConfiguration section */
		18B52D781B4BCBDA00AED7D0 /* Debug */ = {
			isa = XCBuildConfiguration;
			buildSettings = {
				ALWAYS_SEARCH_USER_PATHS = NO;
				CLANG_CXX_LANGUAGE_STANDARD = "gnu++0x";
				CLANG_CXX_LIBRARY = "libc++";
				CLANG_ENABLE_MODULES = YES;
				CLANG_ENABLE_OBJC_ARC = YES;
				CLANG_WARN_BOOL_CONVERSION = YES;
				CLANG_WARN_CONSTANT_CONVERSION = YES;
				CLANG_WARN_DIRECT_OBJC_ISA_USAGE = YES_ERROR;
				CLANG_WARN_EMPTY_BODY = YES;
				CLANG_WARN_ENUM_CONVERSION = YES;
				CLANG_WARN_INT_CONVERSION = YES;
				CLANG_WARN_OBJC_ROOT_CLASS = YES_ERROR;
				CLANG_WARN_UNREACHABLE_CODE = YES;
				CLANG_WARN__DUPLICATE_METHOD_MATCH = YES;
				"CODE_SIGN_IDENTITY[sdk=iphoneos*]" = "iPhone Developer";
				COPY_PHASE_STRIP = NO;
				DEBUG_INFORMATION_FORMAT = "dwarf-with-dsym";
				ENABLE_STRICT_OBJC_MSGSEND = YES;
				GCC_C_LANGUAGE_STANDARD = gnu99;
				GCC_DYNAMIC_NO_PIC = NO;
				GCC_NO_COMMON_BLOCKS = YES;
				GCC_OPTIMIZATION_LEVEL = 0;
				GCC_PREPROCESSOR_DEFINITIONS = (
					"DEBUG=1",
					"$(inherited)",
				);
				GCC_SYMBOLS_PRIVATE_EXTERN = NO;
				GCC_WARN_64_TO_32_BIT_CONVERSION = YES;
				GCC_WARN_ABOUT_RETURN_TYPE = YES_ERROR;
				GCC_WARN_UNDECLARED_SELECTOR = YES;
				GCC_WARN_UNINITIALIZED_AUTOS = YES_AGGRESSIVE;
				GCC_WARN_UNUSED_FUNCTION = YES;
				GCC_WARN_UNUSED_VARIABLE = YES;
				IPHONEOS_DEPLOYMENT_TARGET = 8.4;
				MTL_ENABLE_DEBUG_INFO = YES;
				ONLY_ACTIVE_ARCH = YES;
				SDKROOT = iphoneos;
			};
			name = Debug;
		};
		18B52D791B4BCBDA00AED7D0 /* Release */ = {
			isa = XCBuildConfiguration;
			buildSettings = {
				ALWAYS_SEARCH_USER_PATHS = NO;
				CLANG_CXX_LANGUAGE_STANDARD = "gnu++0x";
				CLANG_CXX_LIBRARY = "libc++";
				CLANG_ENABLE_MODULES = YES;
				CLANG_ENABLE_OBJC_ARC = YES;
				CLANG_WARN_BOOL_CONVERSION = YES;
				CLANG_WARN_CONSTANT_CONVERSION = YES;
				CLANG_WARN_DIRECT_OBJC_ISA_USAGE = YES_ERROR;
				CLANG_WARN_EMPTY_BODY = YES;
				CLANG_WARN_ENUM_CONVERSION = YES;
				CLANG_WARN_INT_CONVERSION = YES;
				CLANG_WARN_OBJC_ROOT_CLASS = YES_ERROR;
				CLANG_WARN_UNREACHABLE_CODE = YES;
				CLANG_WARN__DUPLICATE_METHOD_MATCH = YES;
				"CODE_SIGN_IDENTITY[sdk=iphoneos*]" = "iPhone Developer";
				COPY_PHASE_STRIP = NO;
				DEBUG_INFORMATION_FORMAT = "dwarf-with-dsym";
				ENABLE_NS_ASSERTIONS = NO;
				ENABLE_STRICT_OBJC_MSGSEND = YES;
				GCC_C_LANGUAGE_STANDARD = gnu99;
				GCC_NO_COMMON_BLOCKS = YES;
				GCC_WARN_64_TO_32_BIT_CONVERSION = YES;
				GCC_WARN_ABOUT_RETURN_TYPE = YES_ERROR;
				GCC_WARN_UNDECLARED_SELECTOR = YES;
				GCC_WARN_UNINITIALIZED_AUTOS = YES_AGGRESSIVE;
				GCC_WARN_UNUSED_FUNCTION = YES;
				GCC_WARN_UNUSED_VARIABLE = YES;
				IPHONEOS_DEPLOYMENT_TARGET = 8.4;
				MTL_ENABLE_DEBUG_INFO = NO;
				SDKROOT = iphoneos;
				VALIDATE_PRODUCT = YES;
			};
			name = Release;
		};
		18B52D7B1B4BCBDA00AED7D0 /* Debug */ = {
			isa = XCBuildConfiguration;
			buildSettings = {
				ASSETCATALOG_COMPILER_APPICON_NAME = AppIcon;
				INFOPLIST_FILE = GameCards/Info.plist;
				LD_RUNPATH_SEARCH_PATHS = "$(inherited) @executable_path/Frameworks";
				PRODUCT_NAME = "$(TARGET_NAME)";
			};
			name = Debug;
		};
		18B52D7C1B4BCBDA00AED7D0 /* Release */ = {
			isa = XCBuildConfiguration;
			buildSettings = {
				ASSETCATALOG_COMPILER_APPICON_NAME = AppIcon;
				INFOPLIST_FILE = GameCards/Info.plist;
				LD_RUNPATH_SEARCH_PATHS = "$(inherited) @executable_path/Frameworks";
				PRODUCT_NAME = "$(TARGET_NAME)";
			};
			name = Release;
		};
		18B52D7E1B4BCBDA00AED7D0 /* Debug */ = {
			isa = XCBuildConfiguration;
			buildSettings = {
				BUNDLE_LOADER = "$(TEST_HOST)";
				FRAMEWORK_SEARCH_PATHS = (
					"$(SDKROOT)/Developer/Library/Frameworks",
					"$(inherited)",
				);
				GCC_PREPROCESSOR_DEFINITIONS = (
					"DEBUG=1",
					"$(inherited)",
				);
				INFOPLIST_FILE = GameCardsTests/Info.plist;
				LD_RUNPATH_SEARCH_PATHS = "$(inherited) @executable_path/Frameworks @loader_path/Frameworks";
				PRODUCT_NAME = "$(TARGET_NAME)";
				TEST_HOST = "$(BUILT_PRODUCTS_DIR)/GameCards.app/GameCards";
			};
			name = Debug;
		};
		18B52D7F1B4BCBDA00AED7D0 /* Release */ = {
			isa = XCBuildConfiguration;
			buildSettings = {
				BUNDLE_LOADER = "$(TEST_HOST)";
				FRAMEWORK_SEARCH_PATHS = (
					"$(SDKROOT)/Developer/Library/Frameworks",
					"$(inherited)",
				);
				INFOPLIST_FILE = GameCardsTests/Info.plist;
				LD_RUNPATH_SEARCH_PATHS = "$(inherited) @executable_path/Frameworks @loader_path/Frameworks";
				PRODUCT_NAME = "$(TARGET_NAME)";
				TEST_HOST = "$(BUILT_PRODUCTS_DIR)/GameCards.app/GameCards";
			};
			name = Release;
		};
/* End XCBuildConfiguration section */

/* Begin XCConfigurationList section */
		18B52D521B4BCBDA00AED7D0 /* Build configuration list for PBXProject "GameCards" */ = {
			isa = XCConfigurationList;
			buildConfigurations = (
				18B52D781B4BCBDA00AED7D0 /* Debug */,
				18B52D791B4BCBDA00AED7D0 /* Release */,
			);
			defaultConfigurationIsVisible = 0;
			defaultConfigurationName = Release;
		};
		18B52D7A1B4BCBDA00AED7D0 /* Build configuration list for PBXNativeTarget "GameCards" */ = {
			isa = XCConfigurationList;
			buildConfigurations = (
				18B52D7B1B4BCBDA00AED7D0 /* Debug */,
				18B52D7C1B4BCBDA00AED7D0 /* Release */,
			);
			defaultConfigurationIsVisible = 0;
			defaultConfigurationName = Release;
		};
		18B52D7D1B4BCBDA00AED7D0 /* Build configuration list for PBXNativeTarget "GameCardsTests" */ = {
			isa = XCConfigurationList;
			buildConfigurations = (
				18B52D7E1B4BCBDA00AED7D0 /* Debug */,
				18B52D7F1B4BCBDA00AED7D0 /* Release */,
			);
			defaultConfigurationIsVisible = 0;
			defaultConfigurationName = Release;
		};
/* End XCConfigurationList section */
	};
	rootObject = 18B52D4F1B4BCBDA00AED7D0 /* Project object */;
}
